// !$*UTF8*$!
{
	archiveVersion = 1;
	classes = {
	};
	objectVersion = 46;
	objects = {

/* Begin PBXBuildFile section */
		1D60589B0D05DD56006BFB54 /* main.m in Sources */ = {isa = PBXBuildFile; fileRef = 29B97316FDCFA39411CA2CEA /* main.m */; };
		1D60589F0D05DD5A006BFB54 /* Foundation.framework in Frameworks */ = {isa = PBXBuildFile; fileRef = 1D30AB110D05D00D00671497 /* Foundation.framework */; };
		1DF5F4E00D08C38300B7A737 /* UIKit.framework in Frameworks */ = {isa = PBXBuildFile; fileRef = 1DF5F4DF0D08C38300B7A737 /* UIKit.framework */; };
		200A2D3E13B3801700282A23 /* BiZiViewController.m in Sources */ = {isa = PBXBuildFile; fileRef = 200A2D3D13B3801700282A23 /* BiZiViewController.m */; };
		200A2E5713B3A4B400282A23 /* MapAnnotationView.m in Sources */ = {isa = PBXBuildFile; fileRef = 200A2E5613B3A4B400282A23 /* MapAnnotationView.m */; };
		200A2E5C13B3A7FB00282A23 /* circle.png in Resources */ = {isa = PBXBuildFile; fileRef = 200A2E5A13B3A7FB00282A23 /* circle.png */; };
		200A2E5D13B3A7FB00282A23 /* circle@2x.png in Resources */ = {isa = PBXBuildFile; fileRef = 200A2E5B13B3A7FB00282A23 /* circle@2x.png */; };
		200A2E7113B3AC2C00282A23 /* pharmacies.plist in Resources */ = {isa = PBXBuildFile; fileRef = 200A2E7013B3AC2C00282A23 /* pharmacies.plist */; };
		200A2E7C13B3AFD100282A23 /* PharmaItem.m in Sources */ = {isa = PBXBuildFile; fileRef = 200A2E7B13B3AFD100282A23 /* PharmaItem.m */; };
		200BAFAD13ACAC1500592997 /* 01-refresh.png in Resources */ = {isa = PBXBuildFile; fileRef = 200BAFAB13ACAC1500592997 /* 01-refresh.png */; };
		200BAFAE13ACAC1500592997 /* 01-refresh@2x.png in Resources */ = {isa = PBXBuildFile; fileRef = 200BAFAC13ACAC1500592997 /* 01-refresh@2x.png */; };
		200BAFB113ACAD2400592997 /* 124-bullhorn.png in Resources */ = {isa = PBXBuildFile; fileRef = 200BAFAF13ACAD2400592997 /* 124-bullhorn.png */; };
		200BAFB213ACAD2400592997 /* 124-bullhorn@2x.png in Resources */ = {isa = PBXBuildFile; fileRef = 200BAFB013ACAD2400592997 /* 124-bullhorn@2x.png */; };
		200BB02713ACF17F00592997 /* black_bar.png in Resources */ = {isa = PBXBuildFile; fileRef = 200BB02513ACF17F00592997 /* black_bar.png */; };
		200BB02813ACF17F00592997 /* black_bar@2x.png in Resources */ = {isa = PBXBuildFile; fileRef = 200BB02613ACF17F00592997 /* black_bar@2x.png */; };
		200BB07713ACF90A00592997 /* WebRequestXML.m in Sources */ = {isa = PBXBuildFile; fileRef = 200BB07613ACF90A00592997 /* WebRequestXML.m */; };
		200BB09013ACF9FF00592997 /* XMLParser.m in Sources */ = {isa = PBXBuildFile; fileRef = 200BB08F13ACF9FF00592997 /* XMLParser.m */; };
		200BB0A313ACFCCF00592997 /* BiZiResponse.m in Sources */ = {isa = PBXBuildFile; fileRef = 200BB0A213ACFCCF00592997 /* BiZiResponse.m */; };
		2015D7181383A7370091A158 /* MapViewController.m in Sources */ = {isa = PBXBuildFile; fileRef = 2015D7161383A7370091A158 /* MapViewController.m */; };
		2015D7191383A7370091A158 /* MapViewController.xib in Resources */ = {isa = PBXBuildFile; fileRef = 2015D7171383A7370091A158 /* MapViewController.xib */; };
		2015D7271383A7A80091A158 /* MapKit.framework in Frameworks */ = {isa = PBXBuildFile; fileRef = 2015D7261383A7A80091A158 /* MapKit.framework */; };
		2015D8001383B40C0091A158 /* CoreLocation.framework in Frameworks */ = {isa = PBXBuildFile; fileRef = 2015D7FF1383B40C0091A158 /* CoreLocation.framework */; };
		2024F71313BB76320021FEE6 /* BusEntry.m in Sources */ = {isa = PBXBuildFile; fileRef = 2024F71213BB76320021FEE6 /* BusEntry.m */; };
		2024F71613BB76560021FEE6 /* XMLParserBus.m in Sources */ = {isa = PBXBuildFile; fileRef = 2024F71413BB76560021FEE6 /* XMLParserBus.m */; };
		2024F71913BB76640021FEE6 /* WebRequestTuzsa.m in Sources */ = {isa = PBXBuildFile; fileRef = 2024F71813BB76640021FEE6 /* WebRequestTuzsa.m */; };
		2024F74113BB790D0021FEE6 /* BusResponse.m in Sources */ = {isa = PBXBuildFile; fileRef = 2024F74013BB790D0021FEE6 /* BusResponse.m */; };
		2024F7A013BB89C90021FEE6 /* TableViewCell.xib in Resources */ = {isa = PBXBuildFile; fileRef = 2024F79D13BB89C90021FEE6 /* TableViewCell.xib */; };
		2024F7A113BB89C90021FEE6 /* TableViewCell.m in Sources */ = {isa = PBXBuildFile; fileRef = 2024F79F13BB89C90021FEE6 /* TableViewCell.m */; };
		2024F83413BC656C0021FEE6 /* AlertViewController.m in Sources */ = {isa = PBXBuildFile; fileRef = 2024F83213BC656C0021FEE6 /* AlertViewController.m */; };
		2024F83513BC656C0021FEE6 /* AlertViewController.xib in Resources */ = {isa = PBXBuildFile; fileRef = 2024F83313BC656C0021FEE6 /* AlertViewController.xib */; };
		2026644513ADF78D00F1D8E4 /* bizi_color.png in Resources */ = {isa = PBXBuildFile; fileRef = 2026644113ADF78D00F1D8E4 /* bizi_color.png */; };
		2026644613ADF78D00F1D8E4 /* bizi_color@2x.png in Resources */ = {isa = PBXBuildFile; fileRef = 2026644213ADF78D00F1D8E4 /* bizi_color@2x.png */; };
		2026644713ADF78D00F1D8E4 /* bizi_negra.png in Resources */ = {isa = PBXBuildFile; fileRef = 2026644313ADF78D00F1D8E4 /* bizi_negra.png */; };
		2026644813ADF78D00F1D8E4 /* bizi_negra@2x.png in Resources */ = {isa = PBXBuildFile; fileRef = 2026644413ADF78D00F1D8E4 /* bizi_negra@2x.png */; };
		2041FBE813C1C1220053C4DF /* 28-white-star.png in Resources */ = {isa = PBXBuildFile; fileRef = 2041FBE613C1C1220053C4DF /* 28-white-star.png */; };
		2041FBE913C1C1220053C4DF /* 28-white-star@2x.png in Resources */ = {isa = PBXBuildFile; fileRef = 2041FBE713C1C1220053C4DF /* 28-white-star@2x.png */; };
		2041FC0B13C1C7580053C4DF /* FavouritesConfiguration.m in Sources */ = {isa = PBXBuildFile; fileRef = 2041FC0A13C1C7580053C4DF /* FavouritesConfiguration.m */; };
		204EE70313BC8043009A0903 /* 124-white-bullhorn.png in Resources */ = {isa = PBXBuildFile; fileRef = 204EE70113BC8043009A0903 /* 124-white-bullhorn.png */; };
		204EE70413BC8043009A0903 /* 124-white-bullhorn@2x.png in Resources */ = {isa = PBXBuildFile; fileRef = 204EE70213BC8043009A0903 /* 124-white-bullhorn@2x.png */; };
		205AC8F6138B1C2C001E7655 /* AddressBook.framework in Frameworks */ = {isa = PBXBuildFile; fileRef = 205AC8F5138B1C2C001E7655 /* AddressBook.framework */; };
		205EFA1E13B50201000F75CB /* BusAnnotationView.m in Sources */ = {isa = PBXBuildFile; fileRef = 205EFA1D13B50201000F75CB /* BusAnnotationView.m */; };
		2060A2D413B6321A0020FF5E /* taxis.plist in Resources */ = {isa = PBXBuildFile; fileRef = 2060A2D313B6321A0020FF5E /* taxis.plist */; };
		2060A2DB13B634620020FF5E /* taxi.png in Resources */ = {isa = PBXBuildFile; fileRef = 2060A2D913B634620020FF5E /* taxi.png */; };
		2060A2DC13B634620020FF5E /* taxi@2x.png in Resources */ = {isa = PBXBuildFile; fileRef = 2060A2DA13B634620020FF5E /* taxi@2x.png */; };
		2060A2DF13B634AD0020FF5E /* TaxiItem.m in Sources */ = {isa = PBXBuildFile; fileRef = 2060A2DE13B634AD0020FF5E /* TaxiItem.m */; };
		2080789513BB225700652B29 /* WebViewController.m in Sources */ = {isa = PBXBuildFile; fileRef = 2080789313BB225700652B29 /* WebViewController.m */; };
		2080789613BB225700652B29 /* WebViewController.xib in Resources */ = {isa = PBXBuildFile; fileRef = 2080789413BB225700652B29 /* WebViewController.xib */; };
		2080795A13BB6A3900652B29 /* BusStopTableViewController.m in Sources */ = {isa = PBXBuildFile; fileRef = 2080795813BB6A3900652B29 /* BusStopTableViewController.m */; };
		2080795B13BB6A3900652B29 /* BusStopTableViewController.xib in Resources */ = {isa = PBXBuildFile; fileRef = 2080795913BB6A3900652B29 /* BusStopTableViewController.xib */; };
		2081BE1C13B48CA100C9F64D /* arrow.png in Resources */ = {isa = PBXBuildFile; fileRef = 2081BE1A13B48CA100C9F64D /* arrow.png */; };
		2081BE1D13B48CA100C9F64D /* arrow@2x.png in Resources */ = {isa = PBXBuildFile; fileRef = 2081BE1B13B48CA100C9F64D /* arrow@2x.png */; };
		2081BE2313B48EBB00C9F64D /* 28-star.png in Resources */ = {isa = PBXBuildFile; fileRef = 2081BE2113B48EBB00C9F64D /* 28-star.png */; };
		2081BE2413B48EBB00C9F64D /* 28-star@2x.png in Resources */ = {isa = PBXBuildFile; fileRef = 2081BE2213B48EBB00C9F64D /* 28-star@2x.png */; };
		2081BE2B13B4963500C9F64D /* busstop.png in Resources */ = {isa = PBXBuildFile; fileRef = 2081BE2913B4963500C9F64D /* busstop.png */; };
		2081BE2C13B4963500C9F64D /* busstop@2x.png in Resources */ = {isa = PBXBuildFile; fileRef = 2081BE2A13B4963500C9F64D /* busstop@2x.png */; };
		2081BE3E13B49D7100C9F64D /* busstops.plist in Resources */ = {isa = PBXBuildFile; fileRef = 2081BE3D13B49D7100C9F64D /* busstops.plist */; };
		2081BE4513B49DFF00C9F64D /* BusItem.m in Sources */ = {isa = PBXBuildFile; fileRef = 2081BE4413B49DFF00C9F64D /* BusItem.m */; };
		20B5569A138A677D00B93F6B /* Icon-72.png in Resources */ = {isa = PBXBuildFile; fileRef = 20B55693138A677D00B93F6B /* Icon-72.png */; };
		20B5569B138A677D00B93F6B /* Icon-Small-50.png in Resources */ = {isa = PBXBuildFile; fileRef = 20B55694138A677D00B93F6B /* Icon-Small-50.png */; };
		20B5569C138A677D00B93F6B /* Icon-Small.png in Resources */ = {isa = PBXBuildFile; fileRef = 20B55695138A677D00B93F6B /* Icon-Small.png */; };
		20B5569D138A677D00B93F6B /* Icon-Small@2x.png in Resources */ = {isa = PBXBuildFile; fileRef = 20B55696138A677D00B93F6B /* Icon-Small@2x.png */; };
		20B5569E138A677D00B93F6B /* Icon.png in Resources */ = {isa = PBXBuildFile; fileRef = 20B55697138A677D00B93F6B /* Icon.png */; };
		20B5569F138A677D00B93F6B /* Icon@2x.png in Resources */ = {isa = PBXBuildFile; fileRef = 20B55698138A677D00B93F6B /* Icon@2x.png */; };
		20B556E2138ACC0C00B93F6B /* stations_bizi.plist in Resources */ = {isa = PBXBuildFile; fileRef = 20B556E1138ACC0C00B93F6B /* stations_bizi.plist */; };
		20B556E4138AF63700B93F6B /* iTunesArtwork in Resources */ = {isa = PBXBuildFile; fileRef = 20B556E3138AF63700B93F6B /* iTunesArtwork */; };
		20C517E613AC889A001D573F /* estacion_bizi.png in Resources */ = {isa = PBXBuildFile; fileRef = 20C517E413AC889A001D573F /* estacion_bizi.png */; };
		20C517E713AC889A001D573F /* estacion_bizi@2x.png in Resources */ = {isa = PBXBuildFile; fileRef = 20C517E513AC889A001D573F /* estacion_bizi@2x.png */; };
		20D0079313BA36A200BC2325 /* buscards.plist in Resources */ = {isa = PBXBuildFile; fileRef = 20D0079213BA36A200BC2325 /* buscards.plist */; };
		20D0079613BA36C300BC2325 /* BusCardItem.m in Sources */ = {isa = PBXBuildFile; fileRef = 20D0079513BA36C300BC2325 /* BusCardItem.m */; };
		20D007A213BA404300BC2325 /* cardbus.png in Resources */ = {isa = PBXBuildFile; fileRef = 20D007A013BA404300BC2325 /* cardbus.png */; };
		20D007A313BA404300BC2325 /* cardbus@2x.png in Resources */ = {isa = PBXBuildFile; fileRef = 20D007A113BA404300BC2325 /* cardbus@2x.png */; };
		20DE85FE13B3D8DE00E7C32F /* pharma.png in Resources */ = {isa = PBXBuildFile; fileRef = 20DE85FC13B3D8DE00E7C32F /* pharma.png */; };
		20DE85FF13B3D8DE00E7C32F /* pharma@2x.png in Resources */ = {isa = PBXBuildFile; fileRef = 20DE85FD13B3D8DE00E7C32F /* pharma@2x.png */; };
		20DE860A13B3DE1A00E7C32F /* parkings.plist in Resources */ = {isa = PBXBuildFile; fileRef = 20DE860913B3DE1A00E7C32F /* parkings.plist */; };
		20DE861113B3E00000E7C32F /* parking.png in Resources */ = {isa = PBXBuildFile; fileRef = 20DE860F13B3E00000E7C32F /* parking.png */; };
		20DE861213B3E00000E7C32F /* parking@2x.png in Resources */ = {isa = PBXBuildFile; fileRef = 20DE861013B3E00000E7C32F /* parking@2x.png */; };
		20DE861913B3E09400E7C32F /* ParkingItem.m in Sources */ = {isa = PBXBuildFile; fileRef = 20DE861813B3E09400E7C32F /* ParkingItem.m */; };
		20E12A51138BBCFC00D69E05 /* QuartzCore.framework in Frameworks */ = {isa = PBXBuildFile; fileRef = 20E12A50138BBCFC00D69E05 /* QuartzCore.framework */; };
		20E12A9D138BEB5500D69E05 /* BiZiAnnotationView.m in Sources */ = {isa = PBXBuildFile; fileRef = 20E12A9C138BEB5500D69E05 /* BiZiAnnotationView.m */; };
		20E12AA0138BEB8900D69E05 /* BiZiItem.m in Sources */ = {isa = PBXBuildFile; fileRef = 20E12A9F138BEB8900D69E05 /* BiZiItem.m */; };
		20E2D0CB13B691BC0081A7DD /* petrolstations.plist in Resources */ = {isa = PBXBuildFile; fileRef = 20E2D0CA13B691BC0081A7DD /* petrolstations.plist */; };
		20E2D0CE13B692000081A7DD /* PetrolItem.m in Sources */ = {isa = PBXBuildFile; fileRef = 20E2D0CD13B692000081A7DD /* PetrolItem.m */; };
		20E2D0D513B697E40081A7DD /* petrolstation.png in Resources */ = {isa = PBXBuildFile; fileRef = 20E2D0D313B697E40081A7DD /* petrolstation.png */; };
		20E2D0D613B697E40081A7DD /* petrolstation@2x.png in Resources */ = {isa = PBXBuildFile; fileRef = 20E2D0D413B697E40081A7DD /* petrolstation@2x.png */; };
		20E2D0E113B725600081A7DD /* youthhouse.png in Resources */ = {isa = PBXBuildFile; fileRef = 20E2D0DF13B725600081A7DD /* youthhouse.png */; };
		20E2D0E213B725600081A7DD /* youthhouse@2x.png in Resources */ = {isa = PBXBuildFile; fileRef = 20E2D0E013B725600081A7DD /* youthhouse@2x.png */; };
		20E2D0E413B727D50081A7DD /* youthhouses.plist in Resources */ = {isa = PBXBuildFile; fileRef = 20E2D0E313B727D50081A7DD /* youthhouses.plist */; };
		20E2D0E713B72A0E0081A7DD /* YouthItem.m in Sources */ = {isa = PBXBuildFile; fileRef = 20E2D0E613B72A0E0081A7DD /* YouthItem.m */; };
		20E2D0EF13B72E7A0081A7DD /* healthcenters.plist in Resources */ = {isa = PBXBuildFile; fileRef = 20E2D0EE13B72E7A0081A7DD /* healthcenters.plist */; };
		20E2D0F213B72EA90081A7DD /* HealthItem.m in Sources */ = {isa = PBXBuildFile; fileRef = 20E2D0F113B72EA90081A7DD /* HealthItem.m */; };
		20E2D0F913B7307B0081A7DD /* healthcenter.png in Resources */ = {isa = PBXBuildFile; fileRef = 20E2D0F713B7307B0081A7DD /* healthcenter.png */; };
		20E2D0FA13B7307B0081A7DD /* healthcenter@2x.png in Resources */ = {isa = PBXBuildFile; fileRef = 20E2D0F813B7307B0081A7DD /* healthcenter@2x.png */; };
		20E2D10013B7340B0081A7DD /* monuments.plist in Resources */ = {isa = PBXBuildFile; fileRef = 20E2D0FF13B7340B0081A7DD /* monuments.plist */; };
		20E2D10313B734370081A7DD /* MonumentItem.m in Sources */ = {isa = PBXBuildFile; fileRef = 20E2D10213B734370081A7DD /* MonumentItem.m */; };
		20E2D10A13B7372F0081A7DD /* monument.png in Resources */ = {isa = PBXBuildFile; fileRef = 20E2D10813B7372F0081A7DD /* monument.png */; };
		20E2D10B13B7372F0081A7DD /* monument@2x.png in Resources */ = {isa = PBXBuildFile; fileRef = 20E2D10913B7372F0081A7DD /* monument@2x.png */; };
		20E2D11013B73A830081A7DD /* TurismItem.m in Sources */ = {isa = PBXBuildFile; fileRef = 20E2D10F13B73A830081A7DD /* TurismItem.m */; };
		20E2D11213B73AF30081A7DD /* turismoffices.plist in Resources */ = {isa = PBXBuildFile; fileRef = 20E2D11113B73AF30081A7DD /* turismoffices.plist */; };
		20E2D11913B73D940081A7DD /* turismoffice.png in Resources */ = {isa = PBXBuildFile; fileRef = 20E2D11713B73D940081A7DD /* turismoffice.png */; };
		20E2D11A13B73D940081A7DD /* turismoffice@2x.png in Resources */ = {isa = PBXBuildFile; fileRef = 20E2D11813B73D940081A7DD /* turismoffice@2x.png */; };
		20F7ABCC13C3577600B056A9 /* FavouritesTableViewController.m in Sources */ = {isa = PBXBuildFile; fileRef = 20F7ABCA13C3577600B056A9 /* FavouritesTableViewController.m */; };
		20F7ABCD13C3577600B056A9 /* FavouritesTableViewController.xib in Resources */ = {isa = PBXBuildFile; fileRef = 20F7ABCB13C3577600B056A9 /* FavouritesTableViewController.xib */; };
		20FC093413B9B9F2002661F1 /* ConfigurationViewController.m in Sources */ = {isa = PBXBuildFile; fileRef = 20FC093213B9B9F2002661F1 /* ConfigurationViewController.m */; };
		20FC093513B9B9F2002661F1 /* ConfigurationViewController.xib in Resources */ = {isa = PBXBuildFile; fileRef = 20FC093313B9B9F2002661F1 /* ConfigurationViewController.xib */; };
		20FC093A13B9BBCC002661F1 /* 19-gear.png in Resources */ = {isa = PBXBuildFile; fileRef = 20FC093813B9BBCC002661F1 /* 19-gear.png */; };
		20FC093B13B9BBCC002661F1 /* 19-gear@2x.png in Resources */ = {isa = PBXBuildFile; fileRef = 20FC093913B9BBCC002661F1 /* 19-gear@2x.png */; };
		20FC09DA13B9D584002661F1 /* initial_configuration.plist in Resources */ = {isa = PBXBuildFile; fileRef = 20FC09D913B9D584002661F1 /* initial_configuration.plist */; };
		20FC09EB13B9D980002661F1 /* FilterTableViewController.m in Sources */ = {isa = PBXBuildFile; fileRef = 20FC09E913B9D980002661F1 /* FilterTableViewController.m */; };
		20FC09EC13B9D980002661F1 /* FilterTableViewController.xib in Resources */ = {isa = PBXBuildFile; fileRef = 20FC09EA13B9D980002661F1 /* FilterTableViewController.xib */; };
		2756A395142664050041695E /* redButton2.png in Resources */ = {isa = PBXBuildFile; fileRef = 2756A394142664050041695E /* redButton2.png */; };
		277DA412142672CB000C541C /* redRefresh.png in Resources */ = {isa = PBXBuildFile; fileRef = 277DA410142672CB000C541C /* redRefresh.png */; };
		277DA413142672CB000C541C /* redRefresh@2x.png in Resources */ = {isa = PBXBuildFile; fileRef = 277DA411142672CB000C541C /* redRefresh@2x.png */; };
		278AFEAC1427AB0900C0D470 /* InfoViewController.m in Sources */ = {isa = PBXBuildFile; fileRef = 278AFEAA1427AB0900C0D470 /* InfoViewController.m */; };
		278AFEAD1427AB0900C0D470 /* InfoViewController.xib in Resources */ = {isa = PBXBuildFile; fileRef = 278AFEAB1427AB0900C0D470 /* InfoViewController.xib */; };
		2860E328111B887F00E27156 /* AppDelegate_iPhone.m in Sources */ = {isa = PBXBuildFile; fileRef = 2860E326111B887F00E27156 /* AppDelegate_iPhone.m */; };
		2860E329111B887F00E27156 /* MainWindow_iPhone.xib in Resources */ = {isa = PBXBuildFile; fileRef = 2860E327111B887F00E27156 /* MainWindow_iPhone.xib */; };
		2860E32E111B888700E27156 /* AppDelegate_iPad.m in Sources */ = {isa = PBXBuildFile; fileRef = 2860E32C111B888700E27156 /* AppDelegate_iPad.m */; };
		2860E32F111B888700E27156 /* MainWindow_iPad.xib in Resources */ = {isa = PBXBuildFile; fileRef = 2860E32D111B888700E27156 /* MainWindow_iPad.xib */; };
		288765FD0DF74451002DB57D /* CoreGraphics.framework in Frameworks */ = {isa = PBXBuildFile; fileRef = 288765FC0DF74451002DB57D /* CoreGraphics.framework */; };
/* End PBXBuildFile section */

/* Begin PBXFileReference section */
		1D30AB110D05D00D00671497 /* Foundation.framework */ = {isa = PBXFileReference; lastKnownFileType = wrapper.framework; name = Foundation.framework; path = System/Library/Frameworks/Foundation.framework; sourceTree = SDKROOT; };
		1D6058910D05DD3D006BFB54 /* ZgZmap.app */ = {isa = PBXFileReference; explicitFileType = wrapper.application; includeInIndex = 0; path = ZgZmap.app; sourceTree = BUILT_PRODUCTS_DIR; };
		1DF5F4DF0D08C38300B7A737 /* UIKit.framework */ = {isa = PBXFileReference; lastKnownFileType = wrapper.framework; name = UIKit.framework; path = System/Library/Frameworks/UIKit.framework; sourceTree = SDKROOT; };
		200A2D3C13B3801700282A23 /* BiZiViewController.h */ = {isa = PBXFileReference; fileEncoding = 4; lastKnownFileType = sourcecode.c.h; path = BiZiViewController.h; sourceTree = "<group>"; };
		200A2D3D13B3801700282A23 /* BiZiViewController.m */ = {isa = PBXFileReference; fileEncoding = 4; lastKnownFileType = sourcecode.c.objc; path = BiZiViewController.m; sourceTree = "<group>"; };
		200A2E5513B3A4B400282A23 /* MapAnnotationView.h */ = {isa = PBXFileReference; fileEncoding = 4; lastKnownFileType = sourcecode.c.h; path = MapAnnotationView.h; sourceTree = "<group>"; };
		200A2E5613B3A4B400282A23 /* MapAnnotationView.m */ = {isa = PBXFileReference; fileEncoding = 4; lastKnownFileType = sourcecode.c.objc; path = MapAnnotationView.m; sourceTree = "<group>"; };
		200A2E5A13B3A7FB00282A23 /* circle.png */ = {isa = PBXFileReference; lastKnownFileType = image.png; name = circle.png; path = images/circle.png; sourceTree = "<group>"; };
		200A2E5B13B3A7FB00282A23 /* circle@2x.png */ = {isa = PBXFileReference; lastKnownFileType = image.png; name = "circle@2x.png"; path = "images/circle@2x.png"; sourceTree = "<group>"; };
		200A2E7013B3AC2C00282A23 /* pharmacies.plist */ = {isa = PBXFileReference; fileEncoding = 4; lastKnownFileType = text.plist.xml; path = pharmacies.plist; sourceTree = "<group>"; };
		200A2E7A13B3AFD100282A23 /* PharmaItem.h */ = {isa = PBXFileReference; fileEncoding = 4; lastKnownFileType = sourcecode.c.h; path = PharmaItem.h; sourceTree = "<group>"; };
		200A2E7B13B3AFD100282A23 /* PharmaItem.m */ = {isa = PBXFileReference; fileEncoding = 4; lastKnownFileType = sourcecode.c.objc; path = PharmaItem.m; sourceTree = "<group>"; };
		200BAFAB13ACAC1500592997 /* 01-refresh.png */ = {isa = PBXFileReference; lastKnownFileType = image.png; name = "01-refresh.png"; path = "images/01-refresh.png"; sourceTree = "<group>"; };
		200BAFAC13ACAC1500592997 /* 01-refresh@2x.png */ = {isa = PBXFileReference; lastKnownFileType = image.png; name = "01-refresh@2x.png"; path = "images/01-refresh@2x.png"; sourceTree = "<group>"; };
		200BAFAF13ACAD2400592997 /* 124-bullhorn.png */ = {isa = PBXFileReference; lastKnownFileType = image.png; name = "124-bullhorn.png"; path = "images/124-bullhorn.png"; sourceTree = "<group>"; };
		200BAFB013ACAD2400592997 /* 124-bullhorn@2x.png */ = {isa = PBXFileReference; lastKnownFileType = image.png; name = "124-bullhorn@2x.png"; path = "images/124-bullhorn@2x.png"; sourceTree = "<group>"; };
		200BAFD313ACB60D00592997 /* MapManagementProtocol.h */ = {isa = PBXFileReference; fileEncoding = 4; lastKnownFileType = sourcecode.c.h; path = MapManagementProtocol.h; sourceTree = "<group>"; };
		200BB02513ACF17F00592997 /* black_bar.png */ = {isa = PBXFileReference; lastKnownFileType = image.png; name = black_bar.png; path = images/black_bar.png; sourceTree = "<group>"; };
		200BB02613ACF17F00592997 /* black_bar@2x.png */ = {isa = PBXFileReference; lastKnownFileType = image.png; name = "black_bar@2x.png"; path = "images/black_bar@2x.png"; sourceTree = "<group>"; };
		200BB07513ACF90A00592997 /* WebRequestXML.h */ = {isa = PBXFileReference; fileEncoding = 4; lastKnownFileType = sourcecode.c.h; name = WebRequestXML.h; path = Shared/WebRequestXML.h; sourceTree = "<group>"; };
		200BB07613ACF90A00592997 /* WebRequestXML.m */ = {isa = PBXFileReference; fileEncoding = 4; lastKnownFileType = sourcecode.c.objc; name = WebRequestXML.m; path = Shared/WebRequestXML.m; sourceTree = "<group>"; };
		200BB08E13ACF9FF00592997 /* XMLParser.h */ = {isa = PBXFileReference; fileEncoding = 4; lastKnownFileType = sourcecode.c.h; name = XMLParser.h; path = Shared/XMLParser.h; sourceTree = "<group>"; };
		200BB08F13ACF9FF00592997 /* XMLParser.m */ = {isa = PBXFileReference; fileEncoding = 4; lastKnownFileType = sourcecode.c.objc; name = XMLParser.m; path = Shared/XMLParser.m; sourceTree = "<group>"; };
		200BB0A113ACFCCF00592997 /* BiZiResponse.h */ = {isa = PBXFileReference; fileEncoding = 4; lastKnownFileType = sourcecode.c.h; path = BiZiResponse.h; sourceTree = "<group>"; };
		200BB0A213ACFCCF00592997 /* BiZiResponse.m */ = {isa = PBXFileReference; fileEncoding = 4; lastKnownFileType = sourcecode.c.objc; path = BiZiResponse.m; sourceTree = "<group>"; };
		2015D7151383A7370091A158 /* MapViewController.h */ = {isa = PBXFileReference; fileEncoding = 4; lastKnownFileType = sourcecode.c.h; name = MapViewController.h; path = iPhone/MapViewController.h; sourceTree = "<group>"; };
		2015D7161383A7370091A158 /* MapViewController.m */ = {isa = PBXFileReference; fileEncoding = 4; lastKnownFileType = sourcecode.c.objc; name = MapViewController.m; path = iPhone/MapViewController.m; sourceTree = "<group>"; };
		2015D7171383A7370091A158 /* MapViewController.xib */ = {isa = PBXFileReference; lastKnownFileType = file.xib; name = MapViewController.xib; path = iPhone/MapViewController.xib; sourceTree = "<group>"; };
		2015D7261383A7A80091A158 /* MapKit.framework */ = {isa = PBXFileReference; lastKnownFileType = wrapper.framework; name = MapKit.framework; path = System/Library/Frameworks/MapKit.framework; sourceTree = SDKROOT; };
		2015D7FF1383B40C0091A158 /* CoreLocation.framework */ = {isa = PBXFileReference; lastKnownFileType = wrapper.framework; name = CoreLocation.framework; path = System/Library/Frameworks/CoreLocation.framework; sourceTree = SDKROOT; };
		2024F71113BB76320021FEE6 /* BusEntry.h */ = {isa = PBXFileReference; fileEncoding = 4; lastKnownFileType = sourcecode.c.h; path = BusEntry.h; sourceTree = "<group>"; };
		2024F71213BB76320021FEE6 /* BusEntry.m */ = {isa = PBXFileReference; fileEncoding = 4; lastKnownFileType = sourcecode.c.objc; path = BusEntry.m; sourceTree = "<group>"; };
		2024F71413BB76560021FEE6 /* XMLParserBus.m */ = {isa = PBXFileReference; fileEncoding = 4; lastKnownFileType = sourcecode.c.objc; path = XMLParserBus.m; sourceTree = "<group>"; };
		2024F71513BB76560021FEE6 /* XMLParserBus.h */ = {isa = PBXFileReference; fileEncoding = 4; lastKnownFileType = sourcecode.c.h; path = XMLParserBus.h; sourceTree = "<group>"; };
		2024F71713BB76640021FEE6 /* WebRequestTuzsa.h */ = {isa = PBXFileReference; fileEncoding = 4; lastKnownFileType = sourcecode.c.h; path = WebRequestTuzsa.h; sourceTree = "<group>"; };
		2024F71813BB76640021FEE6 /* WebRequestTuzsa.m */ = {isa = PBXFileReference; fileEncoding = 4; lastKnownFileType = sourcecode.c.objc; path = WebRequestTuzsa.m; sourceTree = "<group>"; };
		2024F73F13BB790D0021FEE6 /* BusResponse.h */ = {isa = PBXFileReference; fileEncoding = 4; lastKnownFileType = sourcecode.c.h; path = BusResponse.h; sourceTree = "<group>"; };
		2024F74013BB790D0021FEE6 /* BusResponse.m */ = {isa = PBXFileReference; fileEncoding = 4; lastKnownFileType = sourcecode.c.objc; path = BusResponse.m; sourceTree = "<group>"; };
		2024F79D13BB89C90021FEE6 /* TableViewCell.xib */ = {isa = PBXFileReference; lastKnownFileType = file.xib; name = TableViewCell.xib; path = iPhone/TableViewCell.xib; sourceTree = "<group>"; };
		2024F79E13BB89C90021FEE6 /* TableViewCell.h */ = {isa = PBXFileReference; fileEncoding = 4; lastKnownFileType = sourcecode.c.h; path = TableViewCell.h; sourceTree = "<group>"; };
		2024F79F13BB89C90021FEE6 /* TableViewCell.m */ = {isa = PBXFileReference; fileEncoding = 4; lastKnownFileType = sourcecode.c.objc; path = TableViewCell.m; sourceTree = "<group>"; };
		2024F83113BC656C0021FEE6 /* AlertViewController.h */ = {isa = PBXFileReference; fileEncoding = 4; lastKnownFileType = sourcecode.c.h; path = AlertViewController.h; sourceTree = "<group>"; };
		2024F83213BC656C0021FEE6 /* AlertViewController.m */ = {isa = PBXFileReference; fileEncoding = 4; lastKnownFileType = sourcecode.c.objc; path = AlertViewController.m; sourceTree = "<group>"; };
		2024F83313BC656C0021FEE6 /* AlertViewController.xib */ = {isa = PBXFileReference; lastKnownFileType = file.xib; name = AlertViewController.xib; path = iPhone/AlertViewController.xib; sourceTree = "<group>"; };
		2026644113ADF78D00F1D8E4 /* bizi_color.png */ = {isa = PBXFileReference; lastKnownFileType = image.png; name = bizi_color.png; path = images/bizi_color.png; sourceTree = "<group>"; };
		2026644213ADF78D00F1D8E4 /* bizi_color@2x.png */ = {isa = PBXFileReference; lastKnownFileType = image.png; name = "bizi_color@2x.png"; path = "images/bizi_color@2x.png"; sourceTree = "<group>"; };
		2026644313ADF78D00F1D8E4 /* bizi_negra.png */ = {isa = PBXFileReference; lastKnownFileType = image.png; name = bizi_negra.png; path = images/bizi_negra.png; sourceTree = "<group>"; };
		2026644413ADF78D00F1D8E4 /* bizi_negra@2x.png */ = {isa = PBXFileReference; lastKnownFileType = image.png; name = "bizi_negra@2x.png"; path = "images/bizi_negra@2x.png"; sourceTree = "<group>"; };
		2041FBE613C1C1220053C4DF /* 28-white-star.png */ = {isa = PBXFileReference; lastKnownFileType = image.png; name = "28-white-star.png"; path = "images/28-white-star.png"; sourceTree = "<group>"; };
		2041FBE713C1C1220053C4DF /* 28-white-star@2x.png */ = {isa = PBXFileReference; lastKnownFileType = image.png; name = "28-white-star@2x.png"; path = "images/28-white-star@2x.png"; sourceTree = "<group>"; };
		2041FC0913C1C7580053C4DF /* FavouritesConfiguration.h */ = {isa = PBXFileReference; fileEncoding = 4; lastKnownFileType = sourcecode.c.h; path = FavouritesConfiguration.h; sourceTree = "<group>"; };
		2041FC0A13C1C7580053C4DF /* FavouritesConfiguration.m */ = {isa = PBXFileReference; fileEncoding = 4; lastKnownFileType = sourcecode.c.objc; path = FavouritesConfiguration.m; sourceTree = "<group>"; };
		204EE70113BC8043009A0903 /* 124-white-bullhorn.png */ = {isa = PBXFileReference; lastKnownFileType = image.png; name = "124-white-bullhorn.png"; path = "images/124-white-bullhorn.png"; sourceTree = "<group>"; };
		204EE70213BC8043009A0903 /* 124-white-bullhorn@2x.png */ = {isa = PBXFileReference; lastKnownFileType = image.png; name = "124-white-bullhorn@2x.png"; path = "images/124-white-bullhorn@2x.png"; sourceTree = "<group>"; };
		205AC8F5138B1C2C001E7655 /* AddressBook.framework */ = {isa = PBXFileReference; lastKnownFileType = wrapper.framework; name = AddressBook.framework; path = System/Library/Frameworks/AddressBook.framework; sourceTree = SDKROOT; };
		205EFA1C13B50201000F75CB /* BusAnnotationView.h */ = {isa = PBXFileReference; fileEncoding = 4; lastKnownFileType = sourcecode.c.h; path = BusAnnotationView.h; sourceTree = "<group>"; };
		205EFA1D13B50201000F75CB /* BusAnnotationView.m */ = {isa = PBXFileReference; fileEncoding = 4; lastKnownFileType = sourcecode.c.objc; path = BusAnnotationView.m; sourceTree = "<group>"; };
		2060A2D313B6321A0020FF5E /* taxis.plist */ = {isa = PBXFileReference; fileEncoding = 4; lastKnownFileType = text.plist.xml; path = taxis.plist; sourceTree = "<group>"; };
		2060A2D913B634620020FF5E /* taxi.png */ = {isa = PBXFileReference; lastKnownFileType = image.png; name = taxi.png; path = images/taxi.png; sourceTree = "<group>"; };
		2060A2DA13B634620020FF5E /* taxi@2x.png */ = {isa = PBXFileReference; lastKnownFileType = image.png; name = "taxi@2x.png"; path = "images/taxi@2x.png"; sourceTree = "<group>"; };
		2060A2DD13B634AD0020FF5E /* TaxiItem.h */ = {isa = PBXFileReference; fileEncoding = 4; lastKnownFileType = sourcecode.c.h; path = TaxiItem.h; sourceTree = "<group>"; };
		2060A2DE13B634AD0020FF5E /* TaxiItem.m */ = {isa = PBXFileReference; fileEncoding = 4; lastKnownFileType = sourcecode.c.objc; path = TaxiItem.m; sourceTree = "<group>"; };
		2080789213BB225700652B29 /* WebViewController.h */ = {isa = PBXFileReference; fileEncoding = 4; lastKnownFileType = sourcecode.c.h; path = WebViewController.h; sourceTree = "<group>"; };
		2080789313BB225700652B29 /* WebViewController.m */ = {isa = PBXFileReference; fileEncoding = 4; lastKnownFileType = sourcecode.c.objc; path = WebViewController.m; sourceTree = "<group>"; };
		2080789413BB225700652B29 /* WebViewController.xib */ = {isa = PBXFileReference; lastKnownFileType = file.xib; name = WebViewController.xib; path = iPhone/WebViewController.xib; sourceTree = "<group>"; };
		2080795713BB6A3900652B29 /* BusStopTableViewController.h */ = {isa = PBXFileReference; fileEncoding = 4; lastKnownFileType = sourcecode.c.h; path = BusStopTableViewController.h; sourceTree = "<group>"; };
		2080795813BB6A3900652B29 /* BusStopTableViewController.m */ = {isa = PBXFileReference; fileEncoding = 4; lastKnownFileType = sourcecode.c.objc; path = BusStopTableViewController.m; sourceTree = "<group>"; };
		2080795913BB6A3900652B29 /* BusStopTableViewController.xib */ = {isa = PBXFileReference; lastKnownFileType = file.xib; name = BusStopTableViewController.xib; path = iPhone/BusStopTableViewController.xib; sourceTree = "<group>"; };
		2081BE1A13B48CA100C9F64D /* arrow.png */ = {isa = PBXFileReference; lastKnownFileType = image.png; name = arrow.png; path = images/arrow.png; sourceTree = "<group>"; };
		2081BE1B13B48CA100C9F64D /* arrow@2x.png */ = {isa = PBXFileReference; lastKnownFileType = image.png; name = "arrow@2x.png"; path = "images/arrow@2x.png"; sourceTree = "<group>"; };
		2081BE2113B48EBB00C9F64D /* 28-star.png */ = {isa = PBXFileReference; lastKnownFileType = image.png; name = "28-star.png"; path = "images/28-star.png"; sourceTree = "<group>"; };
		2081BE2213B48EBB00C9F64D /* 28-star@2x.png */ = {isa = PBXFileReference; lastKnownFileType = image.png; name = "28-star@2x.png"; path = "images/28-star@2x.png"; sourceTree = "<group>"; };
		2081BE2913B4963500C9F64D /* busstop.png */ = {isa = PBXFileReference; lastKnownFileType = image.png; name = busstop.png; path = images/busstop.png; sourceTree = "<group>"; };
		2081BE2A13B4963500C9F64D /* busstop@2x.png */ = {isa = PBXFileReference; lastKnownFileType = image.png; name = "busstop@2x.png"; path = "images/busstop@2x.png"; sourceTree = "<group>"; };
		2081BE3D13B49D7100C9F64D /* busstops.plist */ = {isa = PBXFileReference; fileEncoding = 4; lastKnownFileType = text.plist.xml; path = busstops.plist; sourceTree = "<group>"; };
		2081BE4313B49DFF00C9F64D /* BusItem.h */ = {isa = PBXFileReference; fileEncoding = 4; lastKnownFileType = sourcecode.c.h; path = BusItem.h; sourceTree = "<group>"; };
		2081BE4413B49DFF00C9F64D /* BusItem.m */ = {isa = PBXFileReference; fileEncoding = 4; lastKnownFileType = sourcecode.c.objc; path = BusItem.m; sourceTree = "<group>"; };
		20B55693138A677D00B93F6B /* Icon-72.png */ = {isa = PBXFileReference; lastKnownFileType = image.png; name = "Icon-72.png"; path = "images/Icon-72.png"; sourceTree = "<group>"; };
		20B55694138A677D00B93F6B /* Icon-Small-50.png */ = {isa = PBXFileReference; lastKnownFileType = image.png; name = "Icon-Small-50.png"; path = "images/Icon-Small-50.png"; sourceTree = "<group>"; };
		20B55695138A677D00B93F6B /* Icon-Small.png */ = {isa = PBXFileReference; lastKnownFileType = image.png; name = "Icon-Small.png"; path = "images/Icon-Small.png"; sourceTree = "<group>"; };
		20B55696138A677D00B93F6B /* Icon-Small@2x.png */ = {isa = PBXFileReference; lastKnownFileType = image.png; name = "Icon-Small@2x.png"; path = "images/Icon-Small@2x.png"; sourceTree = "<group>"; };
		20B55697138A677D00B93F6B /* Icon.png */ = {isa = PBXFileReference; lastKnownFileType = image.png; name = Icon.png; path = images/Icon.png; sourceTree = "<group>"; };
		20B55698138A677D00B93F6B /* Icon@2x.png */ = {isa = PBXFileReference; lastKnownFileType = image.png; name = "Icon@2x.png"; path = "images/Icon@2x.png"; sourceTree = "<group>"; };
		20B556E1138ACC0C00B93F6B /* stations_bizi.plist */ = {isa = PBXFileReference; fileEncoding = 4; lastKnownFileType = text.plist.xml; path = stations_bizi.plist; sourceTree = "<group>"; };
		20B556E3138AF63700B93F6B /* iTunesArtwork */ = {isa = PBXFileReference; lastKnownFileType = file; name = iTunesArtwork; path = images/iTunesArtwork; sourceTree = "<group>"; };
		20C517E413AC889A001D573F /* estacion_bizi.png */ = {isa = PBXFileReference; lastKnownFileType = image.png; name = estacion_bizi.png; path = images/estacion_bizi.png; sourceTree = "<group>"; };
		20C517E513AC889A001D573F /* estacion_bizi@2x.png */ = {isa = PBXFileReference; lastKnownFileType = image.png; name = "estacion_bizi@2x.png"; path = "images/estacion_bizi@2x.png"; sourceTree = "<group>"; };
		20D0079213BA36A200BC2325 /* buscards.plist */ = {isa = PBXFileReference; fileEncoding = 4; lastKnownFileType = text.plist.xml; path = buscards.plist; sourceTree = "<group>"; };
		20D0079413BA36C300BC2325 /* BusCardItem.h */ = {isa = PBXFileReference; fileEncoding = 4; lastKnownFileType = sourcecode.c.h; path = BusCardItem.h; sourceTree = "<group>"; };
		20D0079513BA36C300BC2325 /* BusCardItem.m */ = {isa = PBXFileReference; fileEncoding = 4; lastKnownFileType = sourcecode.c.objc; path = BusCardItem.m; sourceTree = "<group>"; };
		20D007A013BA404300BC2325 /* cardbus.png */ = {isa = PBXFileReference; lastKnownFileType = image.png; name = cardbus.png; path = images/cardbus.png; sourceTree = "<group>"; };
		20D007A113BA404300BC2325 /* cardbus@2x.png */ = {isa = PBXFileReference; lastKnownFileType = image.png; name = "cardbus@2x.png"; path = "images/cardbus@2x.png"; sourceTree = "<group>"; };
		20DE85FC13B3D8DE00E7C32F /* pharma.png */ = {isa = PBXFileReference; lastKnownFileType = image.png; name = pharma.png; path = images/pharma.png; sourceTree = "<group>"; };
		20DE85FD13B3D8DE00E7C32F /* pharma@2x.png */ = {isa = PBXFileReference; lastKnownFileType = image.png; name = "pharma@2x.png"; path = "images/pharma@2x.png"; sourceTree = "<group>"; };
		20DE860913B3DE1A00E7C32F /* parkings.plist */ = {isa = PBXFileReference; fileEncoding = 4; lastKnownFileType = text.plist.xml; path = parkings.plist; sourceTree = "<group>"; };
		20DE860F13B3E00000E7C32F /* parking.png */ = {isa = PBXFileReference; lastKnownFileType = image.png; name = parking.png; path = images/parking.png; sourceTree = "<group>"; };
		20DE861013B3E00000E7C32F /* parking@2x.png */ = {isa = PBXFileReference; lastKnownFileType = image.png; name = "parking@2x.png"; path = "images/parking@2x.png"; sourceTree = "<group>"; };
		20DE861713B3E09400E7C32F /* ParkingItem.h */ = {isa = PBXFileReference; fileEncoding = 4; lastKnownFileType = sourcecode.c.h; path = ParkingItem.h; sourceTree = "<group>"; };
		20DE861813B3E09400E7C32F /* ParkingItem.m */ = {isa = PBXFileReference; fileEncoding = 4; lastKnownFileType = sourcecode.c.objc; path = ParkingItem.m; sourceTree = "<group>"; };
		20E12A50138BBCFC00D69E05 /* QuartzCore.framework */ = {isa = PBXFileReference; lastKnownFileType = wrapper.framework; name = QuartzCore.framework; path = System/Library/Frameworks/QuartzCore.framework; sourceTree = SDKROOT; };
		20E12A9B138BEB5500D69E05 /* BiZiAnnotationView.h */ = {isa = PBXFileReference; fileEncoding = 4; lastKnownFileType = sourcecode.c.h; path = BiZiAnnotationView.h; sourceTree = "<group>"; };
		20E12A9C138BEB5500D69E05 /* BiZiAnnotationView.m */ = {isa = PBXFileReference; fileEncoding = 4; lastKnownFileType = sourcecode.c.objc; path = BiZiAnnotationView.m; sourceTree = "<group>"; };
		20E12A9E138BEB8900D69E05 /* BiZiItem.h */ = {isa = PBXFileReference; fileEncoding = 4; lastKnownFileType = sourcecode.c.h; path = BiZiItem.h; sourceTree = "<group>"; };
		20E12A9F138BEB8900D69E05 /* BiZiItem.m */ = {isa = PBXFileReference; fileEncoding = 4; lastKnownFileType = sourcecode.c.objc; path = BiZiItem.m; sourceTree = "<group>"; };
		20E2D0CA13B691BC0081A7DD /* petrolstations.plist */ = {isa = PBXFileReference; fileEncoding = 4; lastKnownFileType = text.plist.xml; path = petrolstations.plist; sourceTree = "<group>"; };
		20E2D0CC13B692000081A7DD /* PetrolItem.h */ = {isa = PBXFileReference; fileEncoding = 4; lastKnownFileType = sourcecode.c.h; path = PetrolItem.h; sourceTree = "<group>"; };
		20E2D0CD13B692000081A7DD /* PetrolItem.m */ = {isa = PBXFileReference; fileEncoding = 4; lastKnownFileType = sourcecode.c.objc; path = PetrolItem.m; sourceTree = "<group>"; };
		20E2D0D313B697E40081A7DD /* petrolstation.png */ = {isa = PBXFileReference; lastKnownFileType = image.png; name = petrolstation.png; path = images/petrolstation.png; sourceTree = "<group>"; };
		20E2D0D413B697E40081A7DD /* petrolstation@2x.png */ = {isa = PBXFileReference; lastKnownFileType = image.png; name = "petrolstation@2x.png"; path = "images/petrolstation@2x.png"; sourceTree = "<group>"; };
		20E2D0DF13B725600081A7DD /* youthhouse.png */ = {isa = PBXFileReference; lastKnownFileType = image.png; name = youthhouse.png; path = images/youthhouse.png; sourceTree = "<group>"; };
		20E2D0E013B725600081A7DD /* youthhouse@2x.png */ = {isa = PBXFileReference; lastKnownFileType = image.png; name = "youthhouse@2x.png"; path = "images/youthhouse@2x.png"; sourceTree = "<group>"; };
		20E2D0E313B727D50081A7DD /* youthhouses.plist */ = {isa = PBXFileReference; fileEncoding = 4; lastKnownFileType = text.plist.xml; path = youthhouses.plist; sourceTree = "<group>"; };
		20E2D0E513B72A0E0081A7DD /* YouthItem.h */ = {isa = PBXFileReference; fileEncoding = 4; lastKnownFileType = sourcecode.c.h; path = YouthItem.h; sourceTree = "<group>"; };
		20E2D0E613B72A0E0081A7DD /* YouthItem.m */ = {isa = PBXFileReference; fileEncoding = 4; lastKnownFileType = sourcecode.c.objc; path = YouthItem.m; sourceTree = "<group>"; };
		20E2D0EE13B72E7A0081A7DD /* healthcenters.plist */ = {isa = PBXFileReference; fileEncoding = 4; lastKnownFileType = text.plist.xml; path = healthcenters.plist; sourceTree = "<group>"; };
		20E2D0F013B72EA90081A7DD /* HealthItem.h */ = {isa = PBXFileReference; fileEncoding = 4; lastKnownFileType = sourcecode.c.h; path = HealthItem.h; sourceTree = "<group>"; };
		20E2D0F113B72EA90081A7DD /* HealthItem.m */ = {isa = PBXFileReference; fileEncoding = 4; lastKnownFileType = sourcecode.c.objc; path = HealthItem.m; sourceTree = "<group>"; };
		20E2D0F713B7307B0081A7DD /* healthcenter.png */ = {isa = PBXFileReference; lastKnownFileType = image.png; name = healthcenter.png; path = images/healthcenter.png; sourceTree = "<group>"; };
		20E2D0F813B7307B0081A7DD /* healthcenter@2x.png */ = {isa = PBXFileReference; lastKnownFileType = image.png; name = "healthcenter@2x.png"; path = "images/healthcenter@2x.png"; sourceTree = "<group>"; };
		20E2D0FF13B7340B0081A7DD /* monuments.plist */ = {isa = PBXFileReference; fileEncoding = 4; lastKnownFileType = text.plist.xml; path = monuments.plist; sourceTree = "<group>"; };
		20E2D10113B734370081A7DD /* MonumentItem.h */ = {isa = PBXFileReference; fileEncoding = 4; lastKnownFileType = sourcecode.c.h; path = MonumentItem.h; sourceTree = "<group>"; };
		20E2D10213B734370081A7DD /* MonumentItem.m */ = {isa = PBXFileReference; fileEncoding = 4; lastKnownFileType = sourcecode.c.objc; path = MonumentItem.m; sourceTree = "<group>"; };
		20E2D10813B7372F0081A7DD /* monument.png */ = {isa = PBXFileReference; lastKnownFileType = image.png; name = monument.png; path = images/monument.png; sourceTree = "<group>"; };
		20E2D10913B7372F0081A7DD /* monument@2x.png */ = {isa = PBXFileReference; lastKnownFileType = image.png; name = "monument@2x.png"; path = "images/monument@2x.png"; sourceTree = "<group>"; };
		20E2D10E13B73A830081A7DD /* TurismItem.h */ = {isa = PBXFileReference; fileEncoding = 4; lastKnownFileType = sourcecode.c.h; path = TurismItem.h; sourceTree = "<group>"; };
		20E2D10F13B73A830081A7DD /* TurismItem.m */ = {isa = PBXFileReference; fileEncoding = 4; lastKnownFileType = sourcecode.c.objc; path = TurismItem.m; sourceTree = "<group>"; };
		20E2D11113B73AF30081A7DD /* turismoffices.plist */ = {isa = PBXFileReference; fileEncoding = 4; lastKnownFileType = text.plist.xml; path = turismoffices.plist; sourceTree = "<group>"; };
		20E2D11713B73D940081A7DD /* turismoffice.png */ = {isa = PBXFileReference; lastKnownFileType = image.png; name = turismoffice.png; path = images/turismoffice.png; sourceTree = "<group>"; };
		20E2D11813B73D940081A7DD /* turismoffice@2x.png */ = {isa = PBXFileReference; lastKnownFileType = image.png; name = "turismoffice@2x.png"; path = "images/turismoffice@2x.png"; sourceTree = "<group>"; };
		20F7ABC913C3577600B056A9 /* FavouritesTableViewController.h */ = {isa = PBXFileReference; fileEncoding = 4; lastKnownFileType = sourcecode.c.h; path = FavouritesTableViewController.h; sourceTree = "<group>"; };
		20F7ABCA13C3577600B056A9 /* FavouritesTableViewController.m */ = {isa = PBXFileReference; fileEncoding = 4; lastKnownFileType = sourcecode.c.objc; path = FavouritesTableViewController.m; sourceTree = "<group>"; };
		20F7ABCB13C3577600B056A9 /* FavouritesTableViewController.xib */ = {isa = PBXFileReference; lastKnownFileType = file.xib; name = FavouritesTableViewController.xib; path = iPhone/FavouritesTableViewController.xib; sourceTree = "<group>"; };
		20FC093113B9B9F2002661F1 /* ConfigurationViewController.h */ = {isa = PBXFileReference; fileEncoding = 4; lastKnownFileType = sourcecode.c.h; path = ConfigurationViewController.h; sourceTree = "<group>"; };
		20FC093213B9B9F2002661F1 /* ConfigurationViewController.m */ = {isa = PBXFileReference; fileEncoding = 4; lastKnownFileType = sourcecode.c.objc; path = ConfigurationViewController.m; sourceTree = "<group>"; };
		20FC093313B9B9F2002661F1 /* ConfigurationViewController.xib */ = {isa = PBXFileReference; lastKnownFileType = file.xib; name = ConfigurationViewController.xib; path = iPhone/ConfigurationViewController.xib; sourceTree = "<group>"; };
		20FC093813B9BBCC002661F1 /* 19-gear.png */ = {isa = PBXFileReference; lastKnownFileType = image.png; name = "19-gear.png"; path = "images/19-gear.png"; sourceTree = "<group>"; };
		20FC093913B9BBCC002661F1 /* 19-gear@2x.png */ = {isa = PBXFileReference; lastKnownFileType = image.png; name = "19-gear@2x.png"; path = "images/19-gear@2x.png"; sourceTree = "<group>"; };
		20FC09D913B9D584002661F1 /* initial_configuration.plist */ = {isa = PBXFileReference; fileEncoding = 4; lastKnownFileType = text.plist.xml; path = initial_configuration.plist; sourceTree = "<group>"; };
		20FC09E813B9D980002661F1 /* FilterTableViewController.h */ = {isa = PBXFileReference; fileEncoding = 4; lastKnownFileType = sourcecode.c.h; path = FilterTableViewController.h; sourceTree = "<group>"; };
		20FC09E913B9D980002661F1 /* FilterTableViewController.m */ = {isa = PBXFileReference; fileEncoding = 4; lastKnownFileType = sourcecode.c.objc; path = FilterTableViewController.m; sourceTree = "<group>"; };
		20FC09EA13B9D980002661F1 /* FilterTableViewController.xib */ = {isa = PBXFileReference; lastKnownFileType = file.xib; name = FilterTableViewController.xib; path = iPhone/FilterTableViewController.xib; sourceTree = "<group>"; };
		20FC0A6813B9E5DC002661F1 /* ConfigurationDelegate.h */ = {isa = PBXFileReference; fileEncoding = 4; lastKnownFileType = sourcecode.c.h; path = ConfigurationDelegate.h; sourceTree = "<group>"; };
		2756A394142664050041695E /* redButton2.png */ = {isa = PBXFileReference; lastKnownFileType = image.png; name = redButton2.png; path = images/redButton2.png; sourceTree = "<group>"; };
		277DA410142672CB000C541C /* redRefresh.png */ = {isa = PBXFileReference; lastKnownFileType = image.png; name = redRefresh.png; path = images/redRefresh.png; sourceTree = "<group>"; };
		277DA411142672CB000C541C /* redRefresh@2x.png */ = {isa = PBXFileReference; lastKnownFileType = image.png; name = "redRefresh@2x.png"; path = "images/redRefresh@2x.png"; sourceTree = "<group>"; };
		278AFEA91427AB0900C0D470 /* InfoViewController.h */ = {isa = PBXFileReference; fileEncoding = 4; lastKnownFileType = sourcecode.c.h; path = InfoViewController.h; sourceTree = "<group>"; };
		278AFEAA1427AB0900C0D470 /* InfoViewController.m */ = {isa = PBXFileReference; fileEncoding = 4; lastKnownFileType = sourcecode.c.objc; path = InfoViewController.m; sourceTree = "<group>"; };
		278AFEAB1427AB0900C0D470 /* InfoViewController.xib */ = {isa = PBXFileReference; fileEncoding = 4; lastKnownFileType = file.xib; name = InfoViewController.xib; path = iPhone/InfoViewController.xib; sourceTree = "<group>"; };
		2860E325111B887F00E27156 /* AppDelegate_iPhone.h */ = {isa = PBXFileReference; fileEncoding = 4; lastKnownFileType = sourcecode.c.h; path = AppDelegate_iPhone.h; sourceTree = "<group>"; };
		2860E326111B887F00E27156 /* AppDelegate_iPhone.m */ = {isa = PBXFileReference; fileEncoding = 4; lastKnownFileType = sourcecode.c.objc; path = AppDelegate_iPhone.m; sourceTree = "<group>"; };
		2860E327111B887F00E27156 /* MainWindow_iPhone.xib */ = {isa = PBXFileReference; lastKnownFileType = file.xib; name = MainWindow_iPhone.xib; path = iPhone/MainWindow_iPhone.xib; sourceTree = "<group>"; };
		2860E32B111B888700E27156 /* AppDelegate_iPad.h */ = {isa = PBXFileReference; fileEncoding = 4; lastKnownFileType = sourcecode.c.h; path = AppDelegate_iPad.h; sourceTree = "<group>"; };
		2860E32C111B888700E27156 /* AppDelegate_iPad.m */ = {isa = PBXFileReference; fileEncoding = 4; lastKnownFileType = sourcecode.c.objc; path = AppDelegate_iPad.m; sourceTree = "<group>"; };
		2860E32D111B888700E27156 /* MainWindow_iPad.xib */ = {isa = PBXFileReference; lastKnownFileType = file.xib; path = MainWindow_iPad.xib; sourceTree = "<group>"; };
		288765FC0DF74451002DB57D /* CoreGraphics.framework */ = {isa = PBXFileReference; lastKnownFileType = wrapper.framework; name = CoreGraphics.framework; path = System/Library/Frameworks/CoreGraphics.framework; sourceTree = SDKROOT; };
		29B97316FDCFA39411CA2CEA /* main.m */ = {isa = PBXFileReference; fileEncoding = 4; lastKnownFileType = sourcecode.c.objc; name = main.m; path = Shared/main.m; sourceTree = "<group>"; };
		32CA4F630368D1EE00C91783 /* ZaragozaMap_Prefix.pch */ = {isa = PBXFileReference; fileEncoding = 4; lastKnownFileType = sourcecode.c.h; path = ZaragozaMap_Prefix.pch; sourceTree = "<group>"; };
		8D1107310486CEB800E47090 /* ZaragozaMap-Info.plist */ = {isa = PBXFileReference; fileEncoding = 4; lastKnownFileType = text.plist.xml; path = "ZaragozaMap-Info.plist"; plistStructureDefinitionIdentifier = "com.apple.xcode.plist.structure-definition.iphone.info-plist"; sourceTree = "<group>"; };
/* End PBXFileReference section */

/* Begin PBXFrameworksBuildPhase section */
		1D60588F0D05DD3D006BFB54 /* Frameworks */ = {
			isa = PBXFrameworksBuildPhase;
			buildActionMask = 2147483647;
			files = (
				1D60589F0D05DD5A006BFB54 /* Foundation.framework in Frameworks */,
				1DF5F4E00D08C38300B7A737 /* UIKit.framework in Frameworks */,
				288765FD0DF74451002DB57D /* CoreGraphics.framework in Frameworks */,
				2015D7271383A7A80091A158 /* MapKit.framework in Frameworks */,
				2015D8001383B40C0091A158 /* CoreLocation.framework in Frameworks */,
				205AC8F6138B1C2C001E7655 /* AddressBook.framework in Frameworks */,
				20E12A51138BBCFC00D69E05 /* QuartzCore.framework in Frameworks */,
			);
			runOnlyForDeploymentPostprocessing = 0;
		};
/* End PBXFrameworksBuildPhase section */

/* Begin PBXGroup section */
		19C28FACFE9D520D11CA2CBB /* Products */ = {
			isa = PBXGroup;
			children = (
				1D6058910D05DD3D006BFB54 /* ZgZmap.app */,
			);
			name = Products;
			sourceTree = "<group>";
		};
		2015D7201383A7440091A158 /* Xib */ = {
			isa = PBXGroup;
			children = (
				278AFEAB1427AB0900C0D470 /* InfoViewController.xib */,
				20F7ABCB13C3577600B056A9 /* FavouritesTableViewController.xib */,
				2024F83313BC656C0021FEE6 /* AlertViewController.xib */,
				2024F79D13BB89C90021FEE6 /* TableViewCell.xib */,
				2080795913BB6A3900652B29 /* BusStopTableViewController.xib */,
				2080789413BB225700652B29 /* WebViewController.xib */,
				20FC09EA13B9D980002661F1 /* FilterTableViewController.xib */,
				20FC093313B9B9F2002661F1 /* ConfigurationViewController.xib */,
				2860E327111B887F00E27156 /* MainWindow_iPhone.xib */,
				2015D7171383A7370091A158 /* MapViewController.xib */,
			);
			name = Xib;
			path = ..;
			sourceTree = "<group>";
		};
		2015D73B1383A90C0091A158 /* Images */ = {
			isa = PBXGroup;
			children = (
				277DA410142672CB000C541C /* redRefresh.png */,
				277DA411142672CB000C541C /* redRefresh@2x.png */,
				2756A394142664050041695E /* redButton2.png */,
				2041FBE613C1C1220053C4DF /* 28-white-star.png */,
				2041FBE713C1C1220053C4DF /* 28-white-star@2x.png */,
				204EE70113BC8043009A0903 /* 124-white-bullhorn.png */,
				204EE70213BC8043009A0903 /* 124-white-bullhorn@2x.png */,
				20D007A013BA404300BC2325 /* cardbus.png */,
				20D007A113BA404300BC2325 /* cardbus@2x.png */,
				20FC093813B9BBCC002661F1 /* 19-gear.png */,
				20FC093913B9BBCC002661F1 /* 19-gear@2x.png */,
				20E2D11713B73D940081A7DD /* turismoffice.png */,
				20E2D11813B73D940081A7DD /* turismoffice@2x.png */,
				20E2D10813B7372F0081A7DD /* monument.png */,
				20E2D10913B7372F0081A7DD /* monument@2x.png */,
				20E2D0F713B7307B0081A7DD /* healthcenter.png */,
				20E2D0F813B7307B0081A7DD /* healthcenter@2x.png */,
				20E2D0DF13B725600081A7DD /* youthhouse.png */,
				20E2D0E013B725600081A7DD /* youthhouse@2x.png */,
				20E2D0D313B697E40081A7DD /* petrolstation.png */,
				20E2D0D413B697E40081A7DD /* petrolstation@2x.png */,
				200BAFAB13ACAC1500592997 /* 01-refresh.png */,
				200BAFAC13ACAC1500592997 /* 01-refresh@2x.png */,
				200BAFAF13ACAD2400592997 /* 124-bullhorn.png */,
				200BAFB013ACAD2400592997 /* 124-bullhorn@2x.png */,
				2081BE2913B4963500C9F64D /* busstop.png */,
				2081BE2A13B4963500C9F64D /* busstop@2x.png */,
				2081BE2113B48EBB00C9F64D /* 28-star.png */,
				2081BE2213B48EBB00C9F64D /* 28-star@2x.png */,
				2081BE1A13B48CA100C9F64D /* arrow.png */,
				2081BE1B13B48CA100C9F64D /* arrow@2x.png */,
				20DE860F13B3E00000E7C32F /* parking.png */,
				20DE861013B3E00000E7C32F /* parking@2x.png */,
				20DE85FC13B3D8DE00E7C32F /* pharma.png */,
				20DE85FD13B3D8DE00E7C32F /* pharma@2x.png */,
				200A2E5A13B3A7FB00282A23 /* circle.png */,
				200A2E5B13B3A7FB00282A23 /* circle@2x.png */,
				2026644113ADF78D00F1D8E4 /* bizi_color.png */,
				2026644213ADF78D00F1D8E4 /* bizi_color@2x.png */,
				2026644313ADF78D00F1D8E4 /* bizi_negra.png */,
				2026644413ADF78D00F1D8E4 /* bizi_negra@2x.png */,
				200BB02513ACF17F00592997 /* black_bar.png */,
				200BB02613ACF17F00592997 /* black_bar@2x.png */,
				20C517E413AC889A001D573F /* estacion_bizi.png */,
				20C517E513AC889A001D573F /* estacion_bizi@2x.png */,
				2060A2D913B634620020FF5E /* taxi.png */,
				2060A2DA13B634620020FF5E /* taxi@2x.png */,
			);
			name = Images;
			sourceTree = "<group>";
		};
		2015D73C1383A9160091A158 /* Icons */ = {
			isa = PBXGroup;
			children = (
				20B556E3138AF63700B93F6B /* iTunesArtwork */,
				20B55693138A677D00B93F6B /* Icon-72.png */,
				20B55694138A677D00B93F6B /* Icon-Small-50.png */,
				20B55695138A677D00B93F6B /* Icon-Small.png */,
				20B55696138A677D00B93F6B /* Icon-Small@2x.png */,
				20B55697138A677D00B93F6B /* Icon.png */,
				20B55698138A677D00B93F6B /* Icon@2x.png */,
			);
			name = Icons;
			sourceTree = "<group>";
		};
		2024F70313BB75F70021FEE6 /* Bus */ = {
			isa = PBXGroup;
			children = (
				2024F71713BB76640021FEE6 /* WebRequestTuzsa.h */,
				2024F71813BB76640021FEE6 /* WebRequestTuzsa.m */,
				2024F71413BB76560021FEE6 /* XMLParserBus.m */,
				2024F71513BB76560021FEE6 /* XMLParserBus.h */,
				2024F71113BB76320021FEE6 /* BusEntry.h */,
				2024F71213BB76320021FEE6 /* BusEntry.m */,
				2024F73F13BB790D0021FEE6 /* BusResponse.h */,
				2024F74013BB790D0021FEE6 /* BusResponse.m */,
			);
			name = Bus;
			sourceTree = "<group>";
		};
		205EFA1F13B50207000F75CB /* Placeholders */ = {
			isa = PBXGroup;
			children = (
				205EFA1C13B50201000F75CB /* BusAnnotationView.h */,
				205EFA1D13B50201000F75CB /* BusAnnotationView.m */,
				200A2E5513B3A4B400282A23 /* MapAnnotationView.h */,
				200A2E5613B3A4B400282A23 /* MapAnnotationView.m */,
				20E12A9B138BEB5500D69E05 /* BiZiAnnotationView.h */,
				20E12A9C138BEB5500D69E05 /* BiZiAnnotationView.m */,
			);
			name = Placeholders;
			sourceTree = "<group>";
		};
		205EFA2013B5021B000F75CB /* Model */ = {
			isa = PBXGroup;
			children = (
				20D0079413BA36C300BC2325 /* BusCardItem.h */,
				20D0079513BA36C300BC2325 /* BusCardItem.m */,
				20E2D10E13B73A830081A7DD /* TurismItem.h */,
				20E2D10F13B73A830081A7DD /* TurismItem.m */,
				20E2D10113B734370081A7DD /* MonumentItem.h */,
				20E2D10213B734370081A7DD /* MonumentItem.m */,
				20E2D0F013B72EA90081A7DD /* HealthItem.h */,
				20E2D0F113B72EA90081A7DD /* HealthItem.m */,
				20E2D0E513B72A0E0081A7DD /* YouthItem.h */,
				20E2D0E613B72A0E0081A7DD /* YouthItem.m */,
				20E2D0CC13B692000081A7DD /* PetrolItem.h */,
				20E2D0CD13B692000081A7DD /* PetrolItem.m */,
				2060A2DD13B634AD0020FF5E /* TaxiItem.h */,
				2060A2DE13B634AD0020FF5E /* TaxiItem.m */,
				200A2E7A13B3AFD100282A23 /* PharmaItem.h */,
				200A2E7B13B3AFD100282A23 /* PharmaItem.m */,
				20DE861713B3E09400E7C32F /* ParkingItem.h */,
				20DE861813B3E09400E7C32F /* ParkingItem.m */,
				2081BE4313B49DFF00C9F64D /* BusItem.h */,
				2081BE4413B49DFF00C9F64D /* BusItem.m */,
				20E12A9E138BEB8900D69E05 /* BiZiItem.h */,
				20E12A9F138BEB8900D69E05 /* BiZiItem.m */,
			);
			name = Model;
			sourceTree = "<group>";
		};
		205EFA2113B50238000F75CB /* Bizi */ = {
			isa = PBXGroup;
			children = (
				200BB0A113ACFCCF00592997 /* BiZiResponse.h */,
				200BB0A213ACFCCF00592997 /* BiZiResponse.m */,
				200BB08E13ACF9FF00592997 /* XMLParser.h */,
				200BB08F13ACF9FF00592997 /* XMLParser.m */,
				200BB07513ACF90A00592997 /* WebRequestXML.h */,
				200BB07613ACF90A00592997 /* WebRequestXML.m */,
			);
			name = Bizi;
			sourceTree = "<group>";
		};
		205EFA2213B50250000F75CB /* Data */ = {
			isa = PBXGroup;
			children = (
				20D0079213BA36A200BC2325 /* buscards.plist */,
				20E2D11113B73AF30081A7DD /* turismoffices.plist */,
				20E2D0CA13B691BC0081A7DD /* petrolstations.plist */,
				2060A2D313B6321A0020FF5E /* taxis.plist */,
				2081BE3D13B49D7100C9F64D /* busstops.plist */,
				20B556E1138ACC0C00B93F6B /* stations_bizi.plist */,
				20DE860913B3DE1A00E7C32F /* parkings.plist */,
				200A2E7013B3AC2C00282A23 /* pharmacies.plist */,
				20E2D0E313B727D50081A7DD /* youthhouses.plist */,
				20E2D0EE13B72E7A0081A7DD /* healthcenters.plist */,
				20E2D0FF13B7340B0081A7DD /* monuments.plist */,
			);
			name = Data;
			sourceTree = "<group>";
		};
		2860E324111B887F00E27156 /* iPhone */ = {
			isa = PBXGroup;
			children = (
				2015D7201383A7440091A158 /* Xib */,
				2860E325111B887F00E27156 /* AppDelegate_iPhone.h */,
				2860E326111B887F00E27156 /* AppDelegate_iPhone.m */,
				200A2D3C13B3801700282A23 /* BiZiViewController.h */,
				200A2D3D13B3801700282A23 /* BiZiViewController.m */,
				20FC093113B9B9F2002661F1 /* ConfigurationViewController.h */,
				20FC093213B9B9F2002661F1 /* ConfigurationViewController.m */,
				20FC09E813B9D980002661F1 /* FilterTableViewController.h */,
				20FC09E913B9D980002661F1 /* FilterTableViewController.m */,
				20FC0A6813B9E5DC002661F1 /* ConfigurationDelegate.h */,
				2080789213BB225700652B29 /* WebViewController.h */,
				2080789313BB225700652B29 /* WebViewController.m */,
				2080795713BB6A3900652B29 /* BusStopTableViewController.h */,
				2080795813BB6A3900652B29 /* BusStopTableViewController.m */,
				2024F79E13BB89C90021FEE6 /* TableViewCell.h */,
				2024F79F13BB89C90021FEE6 /* TableViewCell.m */,
				2024F83113BC656C0021FEE6 /* AlertViewController.h */,
				2024F83213BC656C0021FEE6 /* AlertViewController.m */,
				20F7ABC913C3577600B056A9 /* FavouritesTableViewController.h */,
				20F7ABCA13C3577600B056A9 /* FavouritesTableViewController.m */,
				278AFEA91427AB0900C0D470 /* InfoViewController.h */,
				278AFEAA1427AB0900C0D470 /* InfoViewController.m */,
			);
			path = iPhone;
			sourceTree = "<group>";
		};
		2860E32A111B888700E27156 /* iPad */ = {
			isa = PBXGroup;
			children = (
				2860E32B111B888700E27156 /* AppDelegate_iPad.h */,
				2860E32C111B888700E27156 /* AppDelegate_iPad.m */,
				2860E32D111B888700E27156 /* MainWindow_iPad.xib */,
			);
			path = iPad;
			sourceTree = "<group>";
		};
		28EEBF621118D79A00187D67 /* Shared */ = {
			isa = PBXGroup;
			children = (
				205EFA2113B50238000F75CB /* Bizi */,
				2024F70313BB75F70021FEE6 /* Bus */,
				205EFA2213B50250000F75CB /* Data */,
				205EFA2013B5021B000F75CB /* Model */,
				205EFA1F13B50207000F75CB /* Placeholders */,
				2015D7151383A7370091A158 /* MapViewController.h */,
				2015D7161383A7370091A158 /* MapViewController.m */,
				200BAFD313ACB60D00592997 /* MapManagementProtocol.h */,
				2015D73C1383A9160091A158 /* Icons */,
				2015D73B1383A90C0091A158 /* Images */,
				8D1107310486CEB800E47090 /* ZaragozaMap-Info.plist */,
				20FC09D913B9D584002661F1 /* initial_configuration.plist */,
				2041FC0913C1C7580053C4DF /* FavouritesConfiguration.h */,
				2041FC0A13C1C7580053C4DF /* FavouritesConfiguration.m */,
			);
			name = Shared;
			sourceTree = "<group>";
		};
		29B97314FDCFA39411CA2CEA /* CustomTemplate */ = {
			isa = PBXGroup;
			children = (
				2860E32A111B888700E27156 /* iPad */,
				2860E324111B887F00E27156 /* iPhone */,
				28EEBF621118D79A00187D67 /* Shared */,
				29B97315FDCFA39411CA2CEA /* Other Sources */,
				29B97323FDCFA39411CA2CEA /* Frameworks */,
				19C28FACFE9D520D11CA2CBB /* Products */,
			);
			name = CustomTemplate;
			sourceTree = "<group>";
		};
		29B97315FDCFA39411CA2CEA /* Other Sources */ = {
			isa = PBXGroup;
			children = (
				32CA4F630368D1EE00C91783 /* ZaragozaMap_Prefix.pch */,
				29B97316FDCFA39411CA2CEA /* main.m */,
			);
			name = "Other Sources";
			sourceTree = "<group>";
		};
		29B97323FDCFA39411CA2CEA /* Frameworks */ = {
			isa = PBXGroup;
			children = (
				1DF5F4DF0D08C38300B7A737 /* UIKit.framework */,
				1D30AB110D05D00D00671497 /* Foundation.framework */,
				288765FC0DF74451002DB57D /* CoreGraphics.framework */,
				2015D7261383A7A80091A158 /* MapKit.framework */,
				2015D7FF1383B40C0091A158 /* CoreLocation.framework */,
				205AC8F5138B1C2C001E7655 /* AddressBook.framework */,
				20E12A50138BBCFC00D69E05 /* QuartzCore.framework */,
			);
			name = Frameworks;
			sourceTree = "<group>";
		};
/* End PBXGroup section */

/* Begin PBXNativeTarget section */
		1D6058900D05DD3D006BFB54 /* ZaragozaMap */ = {
			isa = PBXNativeTarget;
			buildConfigurationList = 1D6058960D05DD3E006BFB54 /* Build configuration list for PBXNativeTarget "ZaragozaMap" */;
			buildPhases = (
				1D60588D0D05DD3D006BFB54 /* Resources */,
				1D60588E0D05DD3D006BFB54 /* Sources */,
				1D60588F0D05DD3D006BFB54 /* Frameworks */,
			);
			buildRules = (
			);
			dependencies = (
			);
			name = ZaragozaMap;
			productName = ZaragozaMap;
			productReference = 1D6058910D05DD3D006BFB54 /* ZgZmap.app */;
			productType = "com.apple.product-type.application";
		};
/* End PBXNativeTarget section */

/* Begin PBXProject section */
		29B97313FDCFA39411CA2CEA /* Project object */ = {
			isa = PBXProject;
			attributes = {
				LastUpgradeCheck = 0410;
			};
			buildConfigurationList = C01FCF4E08A954540054247B /* Build configuration list for PBXProject "ZaragozaMap" */;
			compatibilityVersion = "Xcode 3.2";
			developmentRegion = English;
			hasScannedForEncodings = 1;
			knownRegions = (
				English,
				Japanese,
				French,
				German,
			);
			mainGroup = 29B97314FDCFA39411CA2CEA /* CustomTemplate */;
			projectDirPath = "";
			projectRoot = "";
			targets = (
				1D6058900D05DD3D006BFB54 /* ZaragozaMap */,
			);
		};
/* End PBXProject section */

/* Begin PBXResourcesBuildPhase section */
		1D60588D0D05DD3D006BFB54 /* Resources */ = {
			isa = PBXResourcesBuildPhase;
			buildActionMask = 2147483647;
			files = (
				2860E329111B887F00E27156 /* MainWindow_iPhone.xib in Resources */,
				2860E32F111B888700E27156 /* MainWindow_iPad.xib in Resources */,
				2015D7191383A7370091A158 /* MapViewController.xib in Resources */,
				20B5569A138A677D00B93F6B /* Icon-72.png in Resources */,
				20B5569B138A677D00B93F6B /* Icon-Small-50.png in Resources */,
				20B5569C138A677D00B93F6B /* Icon-Small.png in Resources */,
				20B5569D138A677D00B93F6B /* Icon-Small@2x.png in Resources */,
				20B5569E138A677D00B93F6B /* Icon.png in Resources */,
				20B5569F138A677D00B93F6B /* Icon@2x.png in Resources */,
				20B556E2138ACC0C00B93F6B /* stations_bizi.plist in Resources */,
				20B556E4138AF63700B93F6B /* iTunesArtwork in Resources */,
				20C517E613AC889A001D573F /* estacion_bizi.png in Resources */,
				20C517E713AC889A001D573F /* estacion_bizi@2x.png in Resources */,
				200BAFAD13ACAC1500592997 /* 01-refresh.png in Resources */,
				200BAFAE13ACAC1500592997 /* 01-refresh@2x.png in Resources */,
				200BAFB113ACAD2400592997 /* 124-bullhorn.png in Resources */,
				200BAFB213ACAD2400592997 /* 124-bullhorn@2x.png in Resources */,
				200BB02713ACF17F00592997 /* black_bar.png in Resources */,
				200BB02813ACF17F00592997 /* black_bar@2x.png in Resources */,
				2026644513ADF78D00F1D8E4 /* bizi_color.png in Resources */,
				2026644613ADF78D00F1D8E4 /* bizi_color@2x.png in Resources */,
				2026644713ADF78D00F1D8E4 /* bizi_negra.png in Resources */,
				2026644813ADF78D00F1D8E4 /* bizi_negra@2x.png in Resources */,
				200A2E5C13B3A7FB00282A23 /* circle.png in Resources */,
				200A2E5D13B3A7FB00282A23 /* circle@2x.png in Resources */,
				200A2E7113B3AC2C00282A23 /* pharmacies.plist in Resources */,
				20DE85FE13B3D8DE00E7C32F /* pharma.png in Resources */,
				20DE85FF13B3D8DE00E7C32F /* pharma@2x.png in Resources */,
				20DE860A13B3DE1A00E7C32F /* parkings.plist in Resources */,
				20DE861113B3E00000E7C32F /* parking.png in Resources */,
				20DE861213B3E00000E7C32F /* parking@2x.png in Resources */,
				2081BE1C13B48CA100C9F64D /* arrow.png in Resources */,
				2081BE1D13B48CA100C9F64D /* arrow@2x.png in Resources */,
				2081BE2313B48EBB00C9F64D /* 28-star.png in Resources */,
				2081BE2413B48EBB00C9F64D /* 28-star@2x.png in Resources */,
				2081BE2B13B4963500C9F64D /* busstop.png in Resources */,
				2081BE2C13B4963500C9F64D /* busstop@2x.png in Resources */,
				2081BE3E13B49D7100C9F64D /* busstops.plist in Resources */,
				2060A2D413B6321A0020FF5E /* taxis.plist in Resources */,
				2060A2DB13B634620020FF5E /* taxi.png in Resources */,
				2060A2DC13B634620020FF5E /* taxi@2x.png in Resources */,
				20E2D0CB13B691BC0081A7DD /* petrolstations.plist in Resources */,
				20E2D0D513B697E40081A7DD /* petrolstation.png in Resources */,
				20E2D0D613B697E40081A7DD /* petrolstation@2x.png in Resources */,
				20E2D0E113B725600081A7DD /* youthhouse.png in Resources */,
				20E2D0E213B725600081A7DD /* youthhouse@2x.png in Resources */,
				20E2D0E413B727D50081A7DD /* youthhouses.plist in Resources */,
				20E2D0EF13B72E7A0081A7DD /* healthcenters.plist in Resources */,
				20E2D0F913B7307B0081A7DD /* healthcenter.png in Resources */,
				20E2D0FA13B7307B0081A7DD /* healthcenter@2x.png in Resources */,
				20E2D10013B7340B0081A7DD /* monuments.plist in Resources */,
				20E2D10A13B7372F0081A7DD /* monument.png in Resources */,
				20E2D10B13B7372F0081A7DD /* monument@2x.png in Resources */,
				20E2D11213B73AF30081A7DD /* turismoffices.plist in Resources */,
				20E2D11913B73D940081A7DD /* turismoffice.png in Resources */,
				20E2D11A13B73D940081A7DD /* turismoffice@2x.png in Resources */,
				20FC093513B9B9F2002661F1 /* ConfigurationViewController.xib in Resources */,
				20FC093A13B9BBCC002661F1 /* 19-gear.png in Resources */,
				20FC093B13B9BBCC002661F1 /* 19-gear@2x.png in Resources */,
				20FC09DA13B9D584002661F1 /* initial_configuration.plist in Resources */,
				20FC09EC13B9D980002661F1 /* FilterTableViewController.xib in Resources */,
				20D0079313BA36A200BC2325 /* buscards.plist in Resources */,
				20D007A213BA404300BC2325 /* cardbus.png in Resources */,
				20D007A313BA404300BC2325 /* cardbus@2x.png in Resources */,
				2080789613BB225700652B29 /* WebViewController.xib in Resources */,
				2080795B13BB6A3900652B29 /* BusStopTableViewController.xib in Resources */,
				2024F7A013BB89C90021FEE6 /* TableViewCell.xib in Resources */,
				2024F83513BC656C0021FEE6 /* AlertViewController.xib in Resources */,
				204EE70313BC8043009A0903 /* 124-white-bullhorn.png in Resources */,
				204EE70413BC8043009A0903 /* 124-white-bullhorn@2x.png in Resources */,
				2041FBE813C1C1220053C4DF /* 28-white-star.png in Resources */,
				2041FBE913C1C1220053C4DF /* 28-white-star@2x.png in Resources */,
				20F7ABCD13C3577600B056A9 /* FavouritesTableViewController.xib in Resources */,
				2756A395142664050041695E /* redButton2.png in Resources */,
				277DA412142672CB000C541C /* redRefresh.png in Resources */,
				277DA413142672CB000C541C /* redRefresh@2x.png in Resources */,
				278AFEAD1427AB0900C0D470 /* InfoViewController.xib in Resources */,
			);
			runOnlyForDeploymentPostprocessing = 0;
		};
/* End PBXResourcesBuildPhase section */

/* Begin PBXSourcesBuildPhase section */
		1D60588E0D05DD3D006BFB54 /* Sources */ = {
			isa = PBXSourcesBuildPhase;
			buildActionMask = 2147483647;
			files = (
				1D60589B0D05DD56006BFB54 /* main.m in Sources */,
				2860E328111B887F00E27156 /* AppDelegate_iPhone.m in Sources */,
				2860E32E111B888700E27156 /* AppDelegate_iPad.m in Sources */,
				2015D7181383A7370091A158 /* MapViewController.m in Sources */,
				20E12A9D138BEB5500D69E05 /* BiZiAnnotationView.m in Sources */,
				20E12AA0138BEB8900D69E05 /* BiZiItem.m in Sources */,
				200BB07713ACF90A00592997 /* WebRequestXML.m in Sources */,
				200BB09013ACF9FF00592997 /* XMLParser.m in Sources */,
				200BB0A313ACFCCF00592997 /* BiZiResponse.m in Sources */,
				200A2D3E13B3801700282A23 /* BiZiViewController.m in Sources */,
				200A2E5713B3A4B400282A23 /* MapAnnotationView.m in Sources */,
				200A2E7C13B3AFD100282A23 /* PharmaItem.m in Sources */,
				20DE861913B3E09400E7C32F /* ParkingItem.m in Sources */,
				2081BE4513B49DFF00C9F64D /* BusItem.m in Sources */,
				205EFA1E13B50201000F75CB /* BusAnnotationView.m in Sources */,
				2060A2DF13B634AD0020FF5E /* TaxiItem.m in Sources */,
				20E2D0CE13B692000081A7DD /* PetrolItem.m in Sources */,
				20E2D0E713B72A0E0081A7DD /* YouthItem.m in Sources */,
				20E2D0F213B72EA90081A7DD /* HealthItem.m in Sources */,
				20E2D10313B734370081A7DD /* MonumentItem.m in Sources */,
				20E2D11013B73A830081A7DD /* TurismItem.m in Sources */,
				20FC093413B9B9F2002661F1 /* ConfigurationViewController.m in Sources */,
				20FC09EB13B9D980002661F1 /* FilterTableViewController.m in Sources */,
				20D0079613BA36C300BC2325 /* BusCardItem.m in Sources */,
				2080789513BB225700652B29 /* WebViewController.m in Sources */,
				2080795A13BB6A3900652B29 /* BusStopTableViewController.m in Sources */,
				2024F71313BB76320021FEE6 /* BusEntry.m in Sources */,
				2024F71613BB76560021FEE6 /* XMLParserBus.m in Sources */,
				2024F71913BB76640021FEE6 /* WebRequestTuzsa.m in Sources */,
				2024F74113BB790D0021FEE6 /* BusResponse.m in Sources */,
				2024F7A113BB89C90021FEE6 /* TableViewCell.m in Sources */,
				2024F83413BC656C0021FEE6 /* AlertViewController.m in Sources */,
				2041FC0B13C1C7580053C4DF /* FavouritesConfiguration.m in Sources */,
				20F7ABCC13C3577600B056A9 /* FavouritesTableViewController.m in Sources */,
				278AFEAC1427AB0900C0D470 /* InfoViewController.m in Sources */,
			);
			runOnlyForDeploymentPostprocessing = 0;
		};
/* End PBXSourcesBuildPhase section */

/* Begin XCBuildConfiguration section */
		1D6058940D05DD3E006BFB54 /* Debug */ = {
			isa = XCBuildConfiguration;
			buildSettings = {
				ALWAYS_SEARCH_USER_PATHS = NO;
				"CODE_SIGN_IDENTITY[sdk=iphoneos*]" = "iPhone Developer";
				COPY_PHASE_STRIP = NO;
				GCC_DYNAMIC_NO_PIC = NO;
				GCC_OPTIMIZATION_LEVEL = 0;
				GCC_PRECOMPILE_PREFIX_HEADER = YES;
				GCC_PREFIX_HEADER = ZaragozaMap_Prefix.pch;
				GCC_VERSION = com.apple.compilers.llvmgcc42;
				INFOPLIST_FILE = "ZaragozaMap-Info.plist";
				IPHONEOS_DEPLOYMENT_TARGET = 4.3;
				PRODUCT_NAME = ZgZmap;
				"PROVISIONING_PROFILE[sdk=iphoneos*]" = "";
				TARGETED_DEVICE_FAMILY = 1;
			};
			name = Debug;
		};
		1D6058950D05DD3E006BFB54 /* Release */ = {
			isa = XCBuildConfiguration;
			buildSettings = {
				ALWAYS_SEARCH_USER_PATHS = NO;
				"CODE_SIGN_IDENTITY[sdk=iphoneos*]" = "iPhone Distribution";
				COPY_PHASE_STRIP = YES;
				GCC_PRECOMPILE_PREFIX_HEADER = YES;
				GCC_PREFIX_HEADER = ZaragozaMap_Prefix.pch;
				GCC_VERSION = com.apple.compilers.llvmgcc42;
				INFOPLIST_FILE = "ZaragozaMap-Info.plist";
				IPHONEOS_DEPLOYMENT_TARGET = 4.3;
				PRODUCT_NAME = ZgZmap;
				"PROVISIONING_PROFILE[sdk=iphoneos*]" = "";
				TARGETED_DEVICE_FAMILY = 1;
				VALIDATE_PRODUCT = YES;
			};
			name = Release;
		};
		C01FCF4F08A954540054247B /* Debug */ = {
			isa = XCBuildConfiguration;
			buildSettings = {
				ARCHS = "$(ARCHS_STANDARD_32_BIT)";
				"CODE_SIGN_IDENTITY[sdk=iphoneos*]" = "iPhone Developer: Daniel Vela (92372LL456)";
				GCC_C_LANGUAGE_STANDARD = c99;
				GCC_WARN_ABOUT_RETURN_TYPE = YES;
				GCC_WARN_UNUSED_VARIABLE = YES;
				IPHONEOS_DEPLOYMENT_TARGET = 4.3;
				PRODUCT_NAME = ZgZmap;
				"PROVISIONING_PROFILE[sdk=iphoneos*]" = "EE6179DB-FCE5-40DD-A955-44986AF18B31";
				SDKROOT = iphoneos;
				TARGETED_DEVICE_FAMILY = "1,2";
			};
			name = Debug;
		};
		C01FCF5008A954540054247B /* Release */ = {
			isa = XCBuildConfiguration;
			buildSettings = {
				ARCHS = "$(ARCHS_STANDARD_32_BIT)";
				"CODE_SIGN_IDENTITY[sdk=iphoneos*]" = "iPhone Developer";
				GCC_C_LANGUAGE_STANDARD = c99;
				GCC_WARN_ABOUT_RETURN_TYPE = YES;
				GCC_WARN_UNUSED_VARIABLE = YES;
				IPHONEOS_DEPLOYMENT_TARGET = 4.3;
				OTHER_CFLAGS = "-DNS_BLOCK_ASSERTIONS=1";
				PRODUCT_NAME = ZgZmap;
				SDKROOT = iphoneos;
				TARGETED_DEVICE_FAMILY = "1,2";
			};
			name = Release;
		};
/* End XCBuildConfiguration section */

/* Begin XCConfigurationList section */
		1D6058960D05DD3E006BFB54 /* Build configuration list for PBXNativeTarget "ZaragozaMap" */ = {
			isa = XCConfigurationList;
			buildConfigurations = (
				1D6058940D05DD3E006BFB54 /* Debug */,
				1D6058950D05DD3E006BFB54 /* Release */,
			);
			defaultConfigurationIsVisible = 0;
			defaultConfigurationName = Release;
		};
		C01FCF4E08A954540054247B /* Build configuration list for PBXProject "ZaragozaMap" */ = {
			isa = XCConfigurationList;
			buildConfigurations = (
				C01FCF4F08A954540054247B /* Debug */,
				C01FCF5008A954540054247B /* Release */,
			);
			defaultConfigurationIsVisible = 0;
			defaultConfigurationName = Release;
		};
/* End XCConfigurationList section */
	};
	rootObject = 29B97313FDCFA39411CA2CEA /* Project object */;
}
